// !$*UTF8*$!
{
	archiveVersion = 1;
	classes = {
	};
	objectVersion = 51;
	objects = {

/* Begin PBXBuildFile section */
		46DEAE6BDC90CB0C9C4EF159 /* Pods_MyWeatherTests.framework in Frameworks */ = {isa = PBXBuildFile; fileRef = 941FC4C76E9C24B2BE8CB8CC /* Pods_MyWeatherTests.framework */; };
		6ED9E051252A60F40037974B /* AppDelegate.swift in Sources */ = {isa = PBXBuildFile; fileRef = 6ED9E050252A60F40037974B /* AppDelegate.swift */; };
		6ED9E053252A60F40037974B /* SceneDelegate.swift in Sources */ = {isa = PBXBuildFile; fileRef = 6ED9E052252A60F40037974B /* SceneDelegate.swift */; };
		6ED9E058252A60F40037974B /* Main.storyboard in Resources */ = {isa = PBXBuildFile; fileRef = 6ED9E056252A60F40037974B /* Main.storyboard */; };
		6ED9E05A252A60F60037974B /* Assets.xcassets in Resources */ = {isa = PBXBuildFile; fileRef = 6ED9E059252A60F60037974B /* Assets.xcassets */; };
		6ED9E05D252A60F60037974B /* LaunchScreen.storyboard in Resources */ = {isa = PBXBuildFile; fileRef = 6ED9E05B252A60F60037974B /* LaunchScreen.storyboard */; };
		6ED9E068252A60F60037974B /* MyWeatherTests.swift in Sources */ = {isa = PBXBuildFile; fileRef = 6ED9E067252A60F60037974B /* MyWeatherTests.swift */; };
		6ED9E082252B21350037974B /* WeatherForecastViewController.swift in Sources */ = {isa = PBXBuildFile; fileRef = 6ED9E081252B21350037974B /* WeatherForecastViewController.swift */; };
		6ED9E084252B28D20037974B /* Clouds.swift in Sources */ = {isa = PBXBuildFile; fileRef = 6ED9E083252B28D20037974B /* Clouds.swift */; };
		6ED9E086252B29010037974B /* Coord.swift in Sources */ = {isa = PBXBuildFile; fileRef = 6ED9E085252B29010037974B /* Coord.swift */; };
		6ED9E088252B29390037974B /* Sys.swift in Sources */ = {isa = PBXBuildFile; fileRef = 6ED9E087252B29390037974B /* Sys.swift */; };
		6ED9E08A252B29640037974B /* Wind.swift in Sources */ = {isa = PBXBuildFile; fileRef = 6ED9E089252B29640037974B /* Wind.swift */; };
		6ED9E08C252B299F0037974B /* City.swift in Sources */ = {isa = PBXBuildFile; fileRef = 6ED9E08B252B299F0037974B /* City.swift */; };
		6ED9E08E252B29CF0037974B /* Forecast.swift in Sources */ = {isa = PBXBuildFile; fileRef = 6ED9E08D252B29CF0037974B /* Forecast.swift */; };
		6ED9E090252B2A1F0037974B /* WeeklyWeather.swift in Sources */ = {isa = PBXBuildFile; fileRef = 6ED9E08F252B2A1F0037974B /* WeeklyWeather.swift */; };
		6ED9E092252B2A7C0037974B /* Main.swift in Sources */ = {isa = PBXBuildFile; fileRef = 6ED9E091252B2A7C0037974B /* Main.swift */; };
		6ED9E094252B2C410037974B /* Weather.swift in Sources */ = {isa = PBXBuildFile; fileRef = 6ED9E093252B2C410037974B /* Weather.swift */; };
		6ED9E096252B2C720037974B /* TodayWeather.swift in Sources */ = {isa = PBXBuildFile; fileRef = 6ED9E095252B2C720037974B /* TodayWeather.swift */; };
		6ED9E098252B2CE50037974B /* WeeklyTableViewCell.swift in Sources */ = {isa = PBXBuildFile; fileRef = 6ED9E097252B2CE50037974B /* WeeklyTableViewCell.swift */; };
		6ED9E09A252B2DB10037974B /* WeeklyCellViewModel.swift in Sources */ = {isa = PBXBuildFile; fileRef = 6ED9E099252B2DB10037974B /* WeeklyCellViewModel.swift */; };
		6ED9E09C252B2E210037974B /* WeeklyDataTableViewModel.swift in Sources */ = {isa = PBXBuildFile; fileRef = 6ED9E09B252B2E210037974B /* WeeklyDataTableViewModel.swift */; };
		6ED9E09E252B30750037974B /* TodayWeatherViewModel.swift in Sources */ = {isa = PBXBuildFile; fileRef = 6ED9E09D252B30750037974B /* TodayWeatherViewModel.swift */; };
		6ED9E0A0252B36A40037974B /* DispatchQueue+Extension.swift in Sources */ = {isa = PBXBuildFile; fileRef = 6ED9E09F252B36A40037974B /* DispatchQueue+Extension.swift */; };
		6ED9E0A2252B377F0037974B /* Array+UniqueElement.swift in Sources */ = {isa = PBXBuildFile; fileRef = 6ED9E0A1252B377F0037974B /* Array+UniqueElement.swift */; };
		6ED9E0A4252B37FB0037974B /* UIViewController+Extension.swift in Sources */ = {isa = PBXBuildFile; fileRef = 6ED9E0A3252B37FB0037974B /* UIViewController+Extension.swift */; };
		6ED9E0A6252B39430037974B /* Loader.swift in Sources */ = {isa = PBXBuildFile; fileRef = 6ED9E0A5252B39430037974B /* Loader.swift */; };
		6ED9E0A8252B3B6E0037974B /* UIImage+GIF.swift in Sources */ = {isa = PBXBuildFile; fileRef = 6ED9E0A7252B3B6E0037974B /* UIImage+GIF.swift */; };
		6ED9E0AA252B3E710037974B /* ActivityIndicator.swift in Sources */ = {isa = PBXBuildFile; fileRef = 6ED9E0A9252B3E710037974B /* ActivityIndicator.swift */; };
		6ED9E0AC252B3FA60037974B /* Ripple.gif in Resources */ = {isa = PBXBuildFile; fileRef = 6ED9E0AB252B3FA60037974B /* Ripple.gif */; };
		6ED9E0AE252B40D50037974B /* AlertAction.swift in Sources */ = {isa = PBXBuildFile; fileRef = 6ED9E0AD252B40D50037974B /* AlertAction.swift */; };
		6ED9E0B0252B40F70037974B /* Result.swift in Sources */ = {isa = PBXBuildFile; fileRef = 6ED9E0AF252B40F70037974B /* Result.swift */; };
		6ED9E0B2252B41180037974B /* Bindable.swift in Sources */ = {isa = PBXBuildFile; fileRef = 6ED9E0B1252B41180037974B /* Bindable.swift */; };
		6ED9E0B4252B416E0037974B /* Reachability.swift in Sources */ = {isa = PBXBuildFile; fileRef = 6ED9E0B3252B416E0037974B /* Reachability.swift */; };
		6ED9E0B6252B42350037974B /* SharedClass.swift in Sources */ = {isa = PBXBuildFile; fileRef = 6ED9E0B5252B42350037974B /* SharedClass.swift */; };
		6ED9E0B8252B43AC0037974B /* NSMutableAttributedString+Extension.swift in Sources */ = {isa = PBXBuildFile; fileRef = 6ED9E0B7252B43AC0037974B /* NSMutableAttributedString+Extension.swift */; };
		6ED9E0BA252B44540037974B /* WeatherType.swift in Sources */ = {isa = PBXBuildFile; fileRef = 6ED9E0B9252B44540037974B /* WeatherType.swift */; };
		6ED9E0BC252B46CF0037974B /* GPSService.swift in Sources */ = {isa = PBXBuildFile; fileRef = 6ED9E0BB252B46CF0037974B /* GPSService.swift */; };
		6ED9E0BE252B49190037974B /* AppServerClient.swift in Sources */ = {isa = PBXBuildFile; fileRef = 6ED9E0BD252B49190037974B /* AppServerClient.swift */; };
		6ED9E0C2252B56ED0037974B /* WeatherForecastViewController+TableViewDataSourceDelegate.swift in Sources */ = {isa = PBXBuildFile; fileRef = 6ED9E0C1252B56ED0037974B /* WeatherForecastViewController+TableViewDataSourceDelegate.swift */; };
		6ED9E0C4252B5DEB0037974B /* Date+Extension.swift in Sources */ = {isa = PBXBuildFile; fileRef = 6ED9E0C3252B5DEB0037974B /* Date+Extension.swift */; };
		FC59E2C69F4B6F07BF77FDA9 /* Pods_MyWeather.framework in Frameworks */ = {isa = PBXBuildFile; fileRef = 45304816757806A528DC0916 /* Pods_MyWeather.framework */; };
/* End PBXBuildFile section */

/* Begin PBXContainerItemProxy section */
		6ED9E064252A60F60037974B /* PBXContainerItemProxy */ = {
			isa = PBXContainerItemProxy;
			containerPortal = 6ED9E045252A60F40037974B /* Project object */;
			proxyType = 1;
			remoteGlobalIDString = 6ED9E04C252A60F40037974B;
			remoteInfo = MyWeather;
		};
/* End PBXContainerItemProxy section */

/* Begin PBXFileReference section */
		00D64207B7109EFBEDD39C4D /* Pods-MyWeatherTests.release.xcconfig */ = {isa = PBXFileReference; includeInIndex = 1; lastKnownFileType = text.xcconfig; name = "Pods-MyWeatherTests.release.xcconfig"; path = "Target Support Files/Pods-MyWeatherTests/Pods-MyWeatherTests.release.xcconfig"; sourceTree = "<group>"; };
		45304816757806A528DC0916 /* Pods_MyWeather.framework */ = {isa = PBXFileReference; explicitFileType = wrapper.framework; includeInIndex = 0; path = Pods_MyWeather.framework; sourceTree = BUILT_PRODUCTS_DIR; };
		4E8E2615C1BEAD23705BD040 /* Pods-MyWeather.debug.xcconfig */ = {isa = PBXFileReference; includeInIndex = 1; lastKnownFileType = text.xcconfig; name = "Pods-MyWeather.debug.xcconfig"; path = "Target Support Files/Pods-MyWeather/Pods-MyWeather.debug.xcconfig"; sourceTree = "<group>"; };
		6ED9E04D252A60F40037974B /* MyWeather.app */ = {isa = PBXFileReference; explicitFileType = wrapper.application; includeInIndex = 0; path = MyWeather.app; sourceTree = BUILT_PRODUCTS_DIR; };
		6ED9E050252A60F40037974B /* AppDelegate.swift */ = {isa = PBXFileReference; lastKnownFileType = sourcecode.swift; path = AppDelegate.swift; sourceTree = "<group>"; };
		6ED9E052252A60F40037974B /* SceneDelegate.swift */ = {isa = PBXFileReference; lastKnownFileType = sourcecode.swift; path = SceneDelegate.swift; sourceTree = "<group>"; };
		6ED9E057252A60F40037974B /* Base */ = {isa = PBXFileReference; lastKnownFileType = file.storyboard; name = Base; path = Base.lproj/Main.storyboard; sourceTree = "<group>"; };
		6ED9E059252A60F60037974B /* Assets.xcassets */ = {isa = PBXFileReference; lastKnownFileType = folder.assetcatalog; path = Assets.xcassets; sourceTree = "<group>"; };
		6ED9E05C252A60F60037974B /* Base */ = {isa = PBXFileReference; lastKnownFileType = file.storyboard; name = Base; path = Base.lproj/LaunchScreen.storyboard; sourceTree = "<group>"; };
		6ED9E05E252A60F60037974B /* Info.plist */ = {isa = PBXFileReference; lastKnownFileType = text.plist.xml; path = Info.plist; sourceTree = "<group>"; };
		6ED9E063252A60F60037974B /* MyWeatherTests.xctest */ = {isa = PBXFileReference; explicitFileType = wrapper.cfbundle; includeInIndex = 0; path = MyWeatherTests.xctest; sourceTree = BUILT_PRODUCTS_DIR; };
		6ED9E067252A60F60037974B /* MyWeatherTests.swift */ = {isa = PBXFileReference; lastKnownFileType = sourcecode.swift; path = MyWeatherTests.swift; sourceTree = "<group>"; };
		6ED9E069252A60F60037974B /* Info.plist */ = {isa = PBXFileReference; lastKnownFileType = text.plist.xml; path = Info.plist; sourceTree = "<group>"; };
		6ED9E081252B21350037974B /* WeatherForecastViewController.swift */ = {isa = PBXFileReference; lastKnownFileType = sourcecode.swift; path = WeatherForecastViewController.swift; sourceTree = "<group>"; };
		6ED9E083252B28D20037974B /* Clouds.swift */ = {isa = PBXFileReference; lastKnownFileType = sourcecode.swift; path = Clouds.swift; sourceTree = "<group>"; };
		6ED9E085252B29010037974B /* Coord.swift */ = {isa = PBXFileReference; lastKnownFileType = sourcecode.swift; path = Coord.swift; sourceTree = "<group>"; };
		6ED9E087252B29390037974B /* Sys.swift */ = {isa = PBXFileReference; lastKnownFileType = sourcecode.swift; path = Sys.swift; sourceTree = "<group>"; };
		6ED9E089252B29640037974B /* Wind.swift */ = {isa = PBXFileReference; lastKnownFileType = sourcecode.swift; path = Wind.swift; sourceTree = "<group>"; };
		6ED9E08B252B299F0037974B /* City.swift */ = {isa = PBXFileReference; lastKnownFileType = sourcecode.swift; path = City.swift; sourceTree = "<group>"; };
		6ED9E08D252B29CF0037974B /* Forecast.swift */ = {isa = PBXFileReference; lastKnownFileType = sourcecode.swift; path = Forecast.swift; sourceTree = "<group>"; };
		6ED9E08F252B2A1F0037974B /* WeeklyWeather.swift */ = {isa = PBXFileReference; lastKnownFileType = sourcecode.swift; path = WeeklyWeather.swift; sourceTree = "<group>"; };
		6ED9E091252B2A7C0037974B /* Main.swift */ = {isa = PBXFileReference; lastKnownFileType = sourcecode.swift; path = Main.swift; sourceTree = "<group>"; };
		6ED9E093252B2C410037974B /* Weather.swift */ = {isa = PBXFileReference; lastKnownFileType = sourcecode.swift; path = Weather.swift; sourceTree = "<group>"; };
		6ED9E095252B2C720037974B /* TodayWeather.swift */ = {isa = PBXFileReference; lastKnownFileType = sourcecode.swift; path = TodayWeather.swift; sourceTree = "<group>"; };
		6ED9E097252B2CE50037974B /* WeeklyTableViewCell.swift */ = {isa = PBXFileReference; lastKnownFileType = sourcecode.swift; path = WeeklyTableViewCell.swift; sourceTree = "<group>"; };
		6ED9E099252B2DB10037974B /* WeeklyCellViewModel.swift */ = {isa = PBXFileReference; lastKnownFileType = sourcecode.swift; path = WeeklyCellViewModel.swift; sourceTree = "<group>"; };
		6ED9E09B252B2E210037974B /* WeeklyDataTableViewModel.swift */ = {isa = PBXFileReference; lastKnownFileType = sourcecode.swift; path = WeeklyDataTableViewModel.swift; sourceTree = "<group>"; };
		6ED9E09D252B30750037974B /* TodayWeatherViewModel.swift */ = {isa = PBXFileReference; lastKnownFileType = sourcecode.swift; path = TodayWeatherViewModel.swift; sourceTree = "<group>"; };
		6ED9E09F252B36A40037974B /* DispatchQueue+Extension.swift */ = {isa = PBXFileReference; lastKnownFileType = sourcecode.swift; path = "DispatchQueue+Extension.swift"; sourceTree = "<group>"; };
		6ED9E0A1252B377F0037974B /* Array+UniqueElement.swift */ = {isa = PBXFileReference; lastKnownFileType = sourcecode.swift; path = "Array+UniqueElement.swift"; sourceTree = "<group>"; };
		6ED9E0A3252B37FB0037974B /* UIViewController+Extension.swift */ = {isa = PBXFileReference; lastKnownFileType = sourcecode.swift; path = "UIViewController+Extension.swift"; sourceTree = "<group>"; };
		6ED9E0A5252B39430037974B /* Loader.swift */ = {isa = PBXFileReference; lastKnownFileType = sourcecode.swift; path = Loader.swift; sourceTree = "<group>"; };
		6ED9E0A7252B3B6E0037974B /* UIImage+GIF.swift */ = {isa = PBXFileReference; lastKnownFileType = sourcecode.swift; path = "UIImage+GIF.swift"; sourceTree = "<group>"; };
		6ED9E0A9252B3E710037974B /* ActivityIndicator.swift */ = {isa = PBXFileReference; lastKnownFileType = sourcecode.swift; path = ActivityIndicator.swift; sourceTree = "<group>"; };
		6ED9E0AB252B3FA60037974B /* Ripple.gif */ = {isa = PBXFileReference; lastKnownFileType = image.gif; path = Ripple.gif; sourceTree = "<group>"; };
		6ED9E0AD252B40D50037974B /* AlertAction.swift */ = {isa = PBXFileReference; lastKnownFileType = sourcecode.swift; path = AlertAction.swift; sourceTree = "<group>"; };
		6ED9E0AF252B40F70037974B /* Result.swift */ = {isa = PBXFileReference; lastKnownFileType = sourcecode.swift; path = Result.swift; sourceTree = "<group>"; };
		6ED9E0B1252B41180037974B /* Bindable.swift */ = {isa = PBXFileReference; lastKnownFileType = sourcecode.swift; path = Bindable.swift; sourceTree = "<group>"; };
		6ED9E0B3252B416E0037974B /* Reachability.swift */ = {isa = PBXFileReference; lastKnownFileType = sourcecode.swift; path = Reachability.swift; sourceTree = "<group>"; };
		6ED9E0B5252B42350037974B /* SharedClass.swift */ = {isa = PBXFileReference; lastKnownFileType = sourcecode.swift; path = SharedClass.swift; sourceTree = "<group>"; };
		6ED9E0B7252B43AC0037974B /* NSMutableAttributedString+Extension.swift */ = {isa = PBXFileReference; lastKnownFileType = sourcecode.swift; path = "NSMutableAttributedString+Extension.swift"; sourceTree = "<group>"; };
		6ED9E0B9252B44540037974B /* WeatherType.swift */ = {isa = PBXFileReference; lastKnownFileType = sourcecode.swift; path = WeatherType.swift; sourceTree = "<group>"; };
		6ED9E0BB252B46CF0037974B /* GPSService.swift */ = {isa = PBXFileReference; lastKnownFileType = sourcecode.swift; path = GPSService.swift; sourceTree = "<group>"; };
		6ED9E0BD252B49190037974B /* AppServerClient.swift */ = {isa = PBXFileReference; lastKnownFileType = sourcecode.swift; path = AppServerClient.swift; sourceTree = "<group>"; };
		6ED9E0C1252B56ED0037974B /* WeatherForecastViewController+TableViewDataSourceDelegate.swift */ = {isa = PBXFileReference; lastKnownFileType = sourcecode.swift; path = "WeatherForecastViewController+TableViewDataSourceDelegate.swift"; sourceTree = "<group>"; };
		6ED9E0C3252B5DEB0037974B /* Date+Extension.swift */ = {isa = PBXFileReference; lastKnownFileType = sourcecode.swift; path = "Date+Extension.swift"; sourceTree = "<group>"; };
		941FC4C76E9C24B2BE8CB8CC /* Pods_MyWeatherTests.framework */ = {isa = PBXFileReference; explicitFileType = wrapper.framework; includeInIndex = 0; path = Pods_MyWeatherTests.framework; sourceTree = BUILT_PRODUCTS_DIR; };
		AFEA25E88D7A02447B3D35B8 /* Pods-MyWeather.release.xcconfig */ = {isa = PBXFileReference; includeInIndex = 1; lastKnownFileType = text.xcconfig; name = "Pods-MyWeather.release.xcconfig"; path = "Target Support Files/Pods-MyWeather/Pods-MyWeather.release.xcconfig"; sourceTree = "<group>"; };
		C373F932535E332F9320358C /* Pods-MyWeatherTests.debug.xcconfig */ = {isa = PBXFileReference; includeInIndex = 1; lastKnownFileType = text.xcconfig; name = "Pods-MyWeatherTests.debug.xcconfig"; path = "Target Support Files/Pods-MyWeatherTests/Pods-MyWeatherTests.debug.xcconfig"; sourceTree = "<group>"; };
/* End PBXFileReference section */

/* Begin PBXFrameworksBuildPhase section */
		6ED9E04A252A60F40037974B /* Frameworks */ = {
			isa = PBXFrameworksBuildPhase;
			buildActionMask = 2147483647;
			files = (
				FC59E2C69F4B6F07BF77FDA9 /* Pods_MyWeather.framework in Frameworks */,
			);
			runOnlyForDeploymentPostprocessing = 0;
		};
		6ED9E060252A60F60037974B /* Frameworks */ = {
			isa = PBXFrameworksBuildPhase;
			buildActionMask = 2147483647;
			files = (
				46DEAE6BDC90CB0C9C4EF159 /* Pods_MyWeatherTests.framework in Frameworks */,
			);
			runOnlyForDeploymentPostprocessing = 0;
		};
/* End PBXFrameworksBuildPhase section */

/* Begin PBXGroup section */
		6EA06C9797DA80D6AF9B9934 /* Frameworks */ = {
			isa = PBXGroup;
			children = (
				45304816757806A528DC0916 /* Pods_MyWeather.framework */,
				941FC4C76E9C24B2BE8CB8CC /* Pods_MyWeatherTests.framework */,
			);
			name = Frameworks;
			sourceTree = "<group>";
		};
		6ED9E044252A60F40037974B = {
			isa = PBXGroup;
			children = (
				6ED9E04F252A60F40037974B /* MyWeather */,
				6ED9E066252A60F60037974B /* MyWeatherTests */,
				6ED9E04E252A60F40037974B /* Products */,
				BBD1AAF3704F6158E953F212 /* Pods */,
				6EA06C9797DA80D6AF9B9934 /* Frameworks */,
			);
			sourceTree = "<group>";
		};
		6ED9E04E252A60F40037974B /* Products */ = {
			isa = PBXGroup;
			children = (
				6ED9E04D252A60F40037974B /* MyWeather.app */,
				6ED9E063252A60F60037974B /* MyWeatherTests.xctest */,
			);
			name = Products;
			sourceTree = "<group>";
		};
		6ED9E04F252A60F40037974B /* MyWeather */ = {
			isa = PBXGroup;
			children = (
				6ED9E080252B08D00037974B /* AppDelegates */,
				6ED9E07F252B08D00037974B /* Resource */,
				6ED9E077252B08630037974B /* Forecast */,
				6ED9E072252B08630037974B /* HelperClasses */,
				6ED9E076252B08630037974B /* NetworkLayer */,
			);
			path = MyWeather;
			sourceTree = "<group>";
		};
		6ED9E066252A60F60037974B /* MyWeatherTests */ = {
			isa = PBXGroup;
			children = (
				6ED9E067252A60F60037974B /* MyWeatherTests.swift */,
				6ED9E069252A60F60037974B /* Info.plist */,
			);
			path = MyWeatherTests;
			sourceTree = "<group>";
		};
		6ED9E072252B08630037974B /* HelperClasses */ = {
			isa = PBXGroup;
			children = (
				6ED9E0B3252B416E0037974B /* Reachability.swift */,
				6ED9E0AD252B40D50037974B /* AlertAction.swift */,
				6ED9E0B1252B41180037974B /* Bindable.swift */,
				6ED9E0B9252B44540037974B /* WeatherType.swift */,
				6ED9E0B5252B42350037974B /* SharedClass.swift */,
				6ED9E075252B08630037974B /* ActivityIndicator */,
				6ED9E073252B08630037974B /* Extension */,
				6ED9E074252B08630037974B /* GPSService */,
			);
			path = HelperClasses;
			sourceTree = "<group>";
		};
		6ED9E073252B08630037974B /* Extension */ = {
			isa = PBXGroup;
			children = (
				6ED9E0A3252B37FB0037974B /* UIViewController+Extension.swift */,
				6ED9E09F252B36A40037974B /* DispatchQueue+Extension.swift */,
				6ED9E0A1252B377F0037974B /* Array+UniqueElement.swift */,
				6ED9E0C3252B5DEB0037974B /* Date+Extension.swift */,
				6ED9E0B7252B43AC0037974B /* NSMutableAttributedString+Extension.swift */,
			);
			path = Extension;
			sourceTree = "<group>";
		};
		6ED9E074252B08630037974B /* GPSService */ = {
			isa = PBXGroup;
			children = (
				6ED9E0BB252B46CF0037974B /* GPSService.swift */,
			);
			path = GPSService;
			sourceTree = "<group>";
		};
		6ED9E075252B08630037974B /* ActivityIndicator */ = {
			isa = PBXGroup;
			children = (
				6ED9E0AB252B3FA60037974B /* Ripple.gif */,
				6ED9E0A9252B3E710037974B /* ActivityIndicator.swift */,
				6ED9E0A5252B39430037974B /* Loader.swift */,
				6ED9E0A7252B3B6E0037974B /* UIImage+GIF.swift */,
			);
			path = ActivityIndicator;
			sourceTree = "<group>";
		};
		6ED9E076252B08630037974B /* NetworkLayer */ = {
			isa = PBXGroup;
			children = (
				6ED9E0AF252B40F70037974B /* Result.swift */,
				6ED9E0BD252B49190037974B /* AppServerClient.swift */,
			);
			path = NetworkLayer;
			sourceTree = "<group>";
		};
		6ED9E077252B08630037974B /* Forecast */ = {
			isa = PBXGroup;
			children = (
				6ED9E056252A60F40037974B /* Main.storyboard */,
				6ED9E081252B21350037974B /* WeatherForecastViewController.swift */,
				6ED9E0C1252B56ED0037974B /* WeatherForecastViewController+TableViewDataSourceDelegate.swift */,
				6ED9E07C252B08630037974B /* CurrentForecast */,
				6ED9E078252B08630037974B /* WeeklyForecast */,
			);
			path = Forecast;
			sourceTree = "<group>";
		};
		6ED9E078252B08630037974B /* WeeklyForecast */ = {
			isa = PBXGroup;
			children = (
				6ED9E079252B08630037974B /* ViewModel */,
				6ED9E07A252B08630037974B /* Model */,
				6ED9E07B252B08630037974B /* View */,
			);
			path = WeeklyForecast;
			sourceTree = "<group>";
		};
		6ED9E079252B08630037974B /* ViewModel */ = {
			isa = PBXGroup;
			children = (
				6ED9E099252B2DB10037974B /* WeeklyCellViewModel.swift */,
				6ED9E09B252B2E210037974B /* WeeklyDataTableViewModel.swift */,
			);
			path = ViewModel;
			sourceTree = "<group>";
		};
		6ED9E07A252B08630037974B /* Model */ = {
			isa = PBXGroup;
			children = (
				6ED9E083252B28D20037974B /* Clouds.swift */,
				6ED9E085252B29010037974B /* Coord.swift */,
				6ED9E087252B29390037974B /* Sys.swift */,
				6ED9E089252B29640037974B /* Wind.swift */,
				6ED9E08B252B299F0037974B /* City.swift */,
				6ED9E08D252B29CF0037974B /* Forecast.swift */,
				6ED9E08F252B2A1F0037974B /* WeeklyWeather.swift */,
			);
			path = Model;
			sourceTree = "<group>";
		};
		6ED9E07B252B08630037974B /* View */ = {
			isa = PBXGroup;
			children = (
				6ED9E097252B2CE50037974B /* WeeklyTableViewCell.swift */,
			);
			path = View;
			sourceTree = "<group>";
		};
		6ED9E07C252B08630037974B /* CurrentForecast */ = {
			isa = PBXGroup;
			children = (
				6ED9E07D252B08630037974B /* ViewModel */,
				6ED9E07E252B08630037974B /* Model */,
			);
			path = CurrentForecast;
			sourceTree = "<group>";
		};
		6ED9E07D252B08630037974B /* ViewModel */ = {
			isa = PBXGroup;
			children = (
				6ED9E09D252B30750037974B /* TodayWeatherViewModel.swift */,
			);
			path = ViewModel;
			sourceTree = "<group>";
		};
		6ED9E07E252B08630037974B /* Model */ = {
			isa = PBXGroup;
			children = (
				6ED9E091252B2A7C0037974B /* Main.swift */,
				6ED9E093252B2C410037974B /* Weather.swift */,
				6ED9E095252B2C720037974B /* TodayWeather.swift */,
			);
			path = Model;
			sourceTree = "<group>";
		};
		6ED9E07F252B08D00037974B /* Resource */ = {
			isa = PBXGroup;
			children = (
				6ED9E059252A60F60037974B /* Assets.xcassets */,
				6ED9E05B252A60F60037974B /* LaunchScreen.storyboard */,
				6ED9E05E252A60F60037974B /* Info.plist */,
			);
			path = Resource;
			sourceTree = "<group>";
		};
		6ED9E080252B08D00037974B /* AppDelegates */ = {
			isa = PBXGroup;
			children = (
				6ED9E050252A60F40037974B /* AppDelegate.swift */,
				6ED9E052252A60F40037974B /* SceneDelegate.swift */,
			);
			path = AppDelegates;
			sourceTree = "<group>";
		};
		BBD1AAF3704F6158E953F212 /* Pods */ = {
			isa = PBXGroup;
			children = (
				4E8E2615C1BEAD23705BD040 /* Pods-MyWeather.debug.xcconfig */,
				AFEA25E88D7A02447B3D35B8 /* Pods-MyWeather.release.xcconfig */,
				C373F932535E332F9320358C /* Pods-MyWeatherTests.debug.xcconfig */,
				00D64207B7109EFBEDD39C4D /* Pods-MyWeatherTests.release.xcconfig */,
			);
			path = Pods;
			sourceTree = "<group>";
		};
/* End PBXGroup section */

/* Begin PBXNativeTarget section */
		6ED9E04C252A60F40037974B /* MyWeather */ = {
			isa = PBXNativeTarget;
			buildConfigurationList = 6ED9E06C252A60F60037974B /* Build configuration list for PBXNativeTarget "MyWeather" */;
			buildPhases = (
				50347F4138FF504A18549D78 /* [CP] Check Pods Manifest.lock */,
				6ED9E049252A60F40037974B /* Sources */,
				6ED9E04A252A60F40037974B /* Frameworks */,
				6ED9E04B252A60F40037974B /* Resources */,
				44077AAB75F25F4588896BE4 /* [CP] Embed Pods Frameworks */,
			);
			buildRules = (
			);
			dependencies = (
			);
			name = MyWeather;
			productName = MyWeather;
			productReference = 6ED9E04D252A60F40037974B /* MyWeather.app */;
			productType = "com.apple.product-type.application";
		};
		6ED9E062252A60F60037974B /* MyWeatherTests */ = {
			isa = PBXNativeTarget;
			buildConfigurationList = 6ED9E06F252A60F60037974B /* Build configuration list for PBXNativeTarget "MyWeatherTests" */;
			buildPhases = (
				9EF7EAAEF26B84583CC8FE6C /* [CP] Check Pods Manifest.lock */,
				6ED9E05F252A60F60037974B /* Sources */,
				6ED9E060252A60F60037974B /* Frameworks */,
				6ED9E061252A60F60037974B /* Resources */,
			);
			buildRules = (
			);
			dependencies = (
				6ED9E065252A60F60037974B /* PBXTargetDependency */,
			);
			name = MyWeatherTests;
			productName = MyWeatherTests;
			productReference = 6ED9E063252A60F60037974B /* MyWeatherTests.xctest */;
			productType = "com.apple.product-type.bundle.unit-test";
		};
/* End PBXNativeTarget section */

/* Begin PBXProject section */
		6ED9E045252A60F40037974B /* Project object */ = {
			isa = PBXProject;
			attributes = {
				LastSwiftUpdateCheck = 1160;
				LastUpgradeCheck = 1160;
				ORGANIZATIONNAME = Haresh;
				TargetAttributes = {
					6ED9E04C252A60F40037974B = {
						CreatedOnToolsVersion = 11.6;
					};
					6ED9E062252A60F60037974B = {
						CreatedOnToolsVersion = 11.6;
						TestTargetID = 6ED9E04C252A60F40037974B;
					};
				};
			};
			buildConfigurationList = 6ED9E048252A60F40037974B /* Build configuration list for PBXProject "MyWeather" */;
			compatibilityVersion = "Xcode 9.3";
			developmentRegion = en;
			hasScannedForEncodings = 0;
			knownRegions = (
				en,
				Base,
			);
			mainGroup = 6ED9E044252A60F40037974B;
			productRefGroup = 6ED9E04E252A60F40037974B /* Products */;
			projectDirPath = "";
			projectRoot = "";
			targets = (
				6ED9E04C252A60F40037974B /* MyWeather */,
				6ED9E062252A60F60037974B /* MyWeatherTests */,
			);
		};
/* End PBXProject section */

/* Begin PBXResourcesBuildPhase section */
		6ED9E04B252A60F40037974B /* Resources */ = {
			isa = PBXResourcesBuildPhase;
			buildActionMask = 2147483647;
			files = (
				6ED9E05D252A60F60037974B /* LaunchScreen.storyboard in Resources */,
				6ED9E05A252A60F60037974B /* Assets.xcassets in Resources */,
				6ED9E0AC252B3FA60037974B /* Ripple.gif in Resources */,
				6ED9E058252A60F40037974B /* Main.storyboard in Resources */,
			);
			runOnlyForDeploymentPostprocessing = 0;
		};
		6ED9E061252A60F60037974B /* Resources */ = {
			isa = PBXResourcesBuildPhase;
			buildActionMask = 2147483647;
			files = (
			);
			runOnlyForDeploymentPostprocessing = 0;
		};
/* End PBXResourcesBuildPhase section */

/* Begin PBXShellScriptBuildPhase section */
		44077AAB75F25F4588896BE4 /* [CP] Embed Pods Frameworks */ = {
			isa = PBXShellScriptBuildPhase;
			buildActionMask = 2147483647;
			files = (
			);
			inputFileListPaths = (
				"${PODS_ROOT}/Target Support Files/Pods-MyWeather/Pods-MyWeather-frameworks-${CONFIGURATION}-input-files.xcfilelist",
			);
			name = "[CP] Embed Pods Frameworks";
			outputFileListPaths = (
				"${PODS_ROOT}/Target Support Files/Pods-MyWeather/Pods-MyWeather-frameworks-${CONFIGURATION}-output-files.xcfilelist",
			);
			runOnlyForDeploymentPostprocessing = 0;
			shellPath = /bin/sh;
			shellScript = "\"${PODS_ROOT}/Target Support Files/Pods-MyWeather/Pods-MyWeather-frameworks.sh\"\n";
			showEnvVarsInLog = 0;
		};
		50347F4138FF504A18549D78 /* [CP] Check Pods Manifest.lock */ = {
			isa = PBXShellScriptBuildPhase;
			buildActionMask = 2147483647;
			files = (
			);
			inputFileListPaths = (
			);
			inputPaths = (
				"${PODS_PODFILE_DIR_PATH}/Podfile.lock",
				"${PODS_ROOT}/Manifest.lock",
			);
			name = "[CP] Check Pods Manifest.lock";
			outputFileListPaths = (
			);
			outputPaths = (
				"$(DERIVED_FILE_DIR)/Pods-MyWeather-checkManifestLockResult.txt",
			);
			runOnlyForDeploymentPostprocessing = 0;
			shellPath = /bin/sh;
			shellScript = "diff \"${PODS_PODFILE_DIR_PATH}/Podfile.lock\" \"${PODS_ROOT}/Manifest.lock\" > /dev/null\nif [ $? != 0 ] ; then\n    # print error to STDERR\n    echo \"error: The sandbox is not in sync with the Podfile.lock. Run 'pod install' or update your CocoaPods installation.\" >&2\n    exit 1\nfi\n# This output is used by Xcode 'outputs' to avoid re-running this script phase.\necho \"SUCCESS\" > \"${SCRIPT_OUTPUT_FILE_0}\"\n";
			showEnvVarsInLog = 0;
		};
		9EF7EAAEF26B84583CC8FE6C /* [CP] Check Pods Manifest.lock */ = {
			isa = PBXShellScriptBuildPhase;
			buildActionMask = 2147483647;
			files = (
			);
			inputFileListPaths = (
			);
			inputPaths = (
				"${PODS_PODFILE_DIR_PATH}/Podfile.lock",
				"${PODS_ROOT}/Manifest.lock",
			);
			name = "[CP] Check Pods Manifest.lock";
			outputFileListPaths = (
			);
			outputPaths = (
				"$(DERIVED_FILE_DIR)/Pods-MyWeatherTests-checkManifestLockResult.txt",
			);
			runOnlyForDeploymentPostprocessing = 0;
			shellPath = /bin/sh;
			shellScript = "diff \"${PODS_PODFILE_DIR_PATH}/Podfile.lock\" \"${PODS_ROOT}/Manifest.lock\" > /dev/null\nif [ $? != 0 ] ; then\n    # print error to STDERR\n    echo \"error: The sandbox is not in sync with the Podfile.lock. Run 'pod install' or update your CocoaPods installation.\" >&2\n    exit 1\nfi\n# This output is used by Xcode 'outputs' to avoid re-running this script phase.\necho \"SUCCESS\" > \"${SCRIPT_OUTPUT_FILE_0}\"\n";
			showEnvVarsInLog = 0;
		};
/* End PBXShellScriptBuildPhase section */

/* Begin PBXSourcesBuildPhase section */
		6ED9E049252A60F40037974B /* Sources */ = {
			isa = PBXSourcesBuildPhase;
			buildActionMask = 2147483647;
			files = (
				6ED9E0B2252B41180037974B /* Bindable.swift in Sources */,
				6ED9E0C2252B56ED0037974B /* WeatherForecastViewController+TableViewDataSourceDelegate.swift in Sources */,
				6ED9E096252B2C720037974B /* TodayWeather.swift in Sources */,
				6ED9E09A252B2DB10037974B /* WeeklyCellViewModel.swift in Sources */,
				6ED9E0BC252B46CF0037974B /* GPSService.swift in Sources */,
				6ED9E0A8252B3B6E0037974B /* UIImage+GIF.swift in Sources */,
				6ED9E082252B21350037974B /* WeatherForecastViewController.swift in Sources */,
				6ED9E0B4252B416E0037974B /* Reachability.swift in Sources */,
				6ED9E0BE252B49190037974B /* AppServerClient.swift in Sources */,
				6ED9E0C4252B5DEB0037974B /* Date+Extension.swift in Sources */,
				6ED9E088252B29390037974B /* Sys.swift in Sources */,
				6ED9E0B8252B43AC0037974B /* NSMutableAttributedString+Extension.swift in Sources */,
				6ED9E09C252B2E210037974B /* WeeklyDataTableViewModel.swift in Sources */,
				6ED9E0B0252B40F70037974B /* Result.swift in Sources */,
				6ED9E0BA252B44540037974B /* WeatherType.swift in Sources */,
				6ED9E0B6252B42350037974B /* SharedClass.swift in Sources */,
				6ED9E0A6252B39430037974B /* Loader.swift in Sources */,
				6ED9E08C252B299F0037974B /* City.swift in Sources */,
				6ED9E098252B2CE50037974B /* WeeklyTableViewCell.swift in Sources */,
				6ED9E08E252B29CF0037974B /* Forecast.swift in Sources */,
				6ED9E0A4252B37FB0037974B /* UIViewController+Extension.swift in Sources */,
				6ED9E09E252B30750037974B /* TodayWeatherViewModel.swift in Sources */,
				6ED9E0AA252B3E710037974B /* ActivityIndicator.swift in Sources */,
				6ED9E051252A60F40037974B /* AppDelegate.swift in Sources */,
				6ED9E092252B2A7C0037974B /* Main.swift in Sources */,
				6ED9E086252B29010037974B /* Coord.swift in Sources */,
				6ED9E094252B2C410037974B /* Weather.swift in Sources */,
				6ED9E0A0252B36A40037974B /* DispatchQueue+Extension.swift in Sources */,
				6ED9E0AE252B40D50037974B /* AlertAction.swift in Sources */,
				6ED9E053252A60F40037974B /* SceneDelegate.swift in Sources */,
				6ED9E090252B2A1F0037974B /* WeeklyWeather.swift in Sources */,
				6ED9E084252B28D20037974B /* Clouds.swift in Sources */,
				6ED9E08A252B29640037974B /* Wind.swift in Sources */,
				6ED9E0A2252B377F0037974B /* Array+UniqueElement.swift in Sources */,
			);
			runOnlyForDeploymentPostprocessing = 0;
		};
		6ED9E05F252A60F60037974B /* Sources */ = {
			isa = PBXSourcesBuildPhase;
			buildActionMask = 2147483647;
			files = (
				6ED9E068252A60F60037974B /* MyWeatherTests.swift in Sources */,
			);
			runOnlyForDeploymentPostprocessing = 0;
		};
/* End PBXSourcesBuildPhase section */

/* Begin PBXTargetDependency section */
		6ED9E065252A60F60037974B /* PBXTargetDependency */ = {
			isa = PBXTargetDependency;
			target = 6ED9E04C252A60F40037974B /* MyWeather */;
			targetProxy = 6ED9E064252A60F60037974B /* PBXContainerItemProxy */;
		};
/* End PBXTargetDependency section */

/* Begin PBXVariantGroup section */
		6ED9E056252A60F40037974B /* Main.storyboard */ = {
			isa = PBXVariantGroup;
			children = (
				6ED9E057252A60F40037974B /* Base */,
			);
			name = Main.storyboard;
			sourceTree = "<group>";
		};
		6ED9E05B252A60F60037974B /* LaunchScreen.storyboard */ = {
			isa = PBXVariantGroup;
			children = (
				6ED9E05C252A60F60037974B /* Base */,
			);
			name = LaunchScreen.storyboard;
			sourceTree = "<group>";
		};
/* End PBXVariantGroup section */

/* Begin XCBuildConfiguration section */
		6ED9E06A252A60F60037974B /* Debug */ = {
			isa = XCBuildConfiguration;
			buildSettings = {
				ALWAYS_SEARCH_USER_PATHS = NO;
				CLANG_ANALYZER_NONNULL = YES;
				CLANG_ANALYZER_NUMBER_OBJECT_CONVERSION = YES_AGGRESSIVE;
				CLANG_CXX_LANGUAGE_STANDARD = "gnu++14";
				CLANG_CXX_LIBRARY = "libc++";
				CLANG_ENABLE_MODULES = YES;
				CLANG_ENABLE_OBJC_ARC = YES;
				CLANG_ENABLE_OBJC_WEAK = YES;
				CLANG_WARN_BLOCK_CAPTURE_AUTORELEASING = YES;
				CLANG_WARN_BOOL_CONVERSION = YES;
				CLANG_WARN_COMMA = YES;
				CLANG_WARN_CONSTANT_CONVERSION = YES;
				CLANG_WARN_DEPRECATED_OBJC_IMPLEMENTATIONS = YES;
				CLANG_WARN_DIRECT_OBJC_ISA_USAGE = YES_ERROR;
				CLANG_WARN_DOCUMENTATION_COMMENTS = YES;
				CLANG_WARN_EMPTY_BODY = YES;
				CLANG_WARN_ENUM_CONVERSION = YES;
				CLANG_WARN_INFINITE_RECURSION = YES;
				CLANG_WARN_INT_CONVERSION = YES;
				CLANG_WARN_NON_LITERAL_NULL_CONVERSION = YES;
				CLANG_WARN_OBJC_IMPLICIT_RETAIN_SELF = YES;
				CLANG_WARN_OBJC_LITERAL_CONVERSION = YES;
				CLANG_WARN_OBJC_ROOT_CLASS = YES_ERROR;
				CLANG_WARN_RANGE_LOOP_ANALYSIS = YES;
				CLANG_WARN_STRICT_PROTOTYPES = YES;
				CLANG_WARN_SUSPICIOUS_MOVE = YES;
				CLANG_WARN_UNGUARDED_AVAILABILITY = YES_AGGRESSIVE;
				CLANG_WARN_UNREACHABLE_CODE = YES;
				CLANG_WARN__DUPLICATE_METHOD_MATCH = YES;
				COPY_PHASE_STRIP = NO;
				DEBUG_INFORMATION_FORMAT = dwarf;
				ENABLE_STRICT_OBJC_MSGSEND = YES;
				ENABLE_TESTABILITY = YES;
				GCC_C_LANGUAGE_STANDARD = gnu11;
				GCC_DYNAMIC_NO_PIC = NO;
				GCC_NO_COMMON_BLOCKS = YES;
				GCC_OPTIMIZATION_LEVEL = 0;
				GCC_PREPROCESSOR_DEFINITIONS = (
					"DEBUG=1",
					"$(inherited)",
				);
				GCC_WARN_64_TO_32_BIT_CONVERSION = YES;
				GCC_WARN_ABOUT_RETURN_TYPE = YES_ERROR;
				GCC_WARN_UNDECLARED_SELECTOR = YES;
				GCC_WARN_UNINITIALIZED_AUTOS = YES_AGGRESSIVE;
				GCC_WARN_UNUSED_FUNCTION = YES;
				GCC_WARN_UNUSED_VARIABLE = YES;
				IPHONEOS_DEPLOYMENT_TARGET = 13.0;
				MTL_ENABLE_DEBUG_INFO = INCLUDE_SOURCE;
				MTL_FAST_MATH = YES;
				ONLY_ACTIVE_ARCH = YES;
				SDKROOT = iphoneos;
				SWIFT_ACTIVE_COMPILATION_CONDITIONS = DEBUG;
				SWIFT_OPTIMIZATION_LEVEL = "-Onone";
			};
			name = Debug;
		};
		6ED9E06B252A60F60037974B /* Release */ = {
			isa = XCBuildConfiguration;
			buildSettings = {
				ALWAYS_SEARCH_USER_PATHS = NO;
				CLANG_ANALYZER_NONNULL = YES;
				CLANG_ANALYZER_NUMBER_OBJECT_CONVERSION = YES_AGGRESSIVE;
				CLANG_CXX_LANGUAGE_STANDARD = "gnu++14";
				CLANG_CXX_LIBRARY = "libc++";
				CLANG_ENABLE_MODULES = YES;
				CLANG_ENABLE_OBJC_ARC = YES;
				CLANG_ENABLE_OBJC_WEAK = YES;
				CLANG_WARN_BLOCK_CAPTURE_AUTORELEASING = YES;
				CLANG_WARN_BOOL_CONVERSION = YES;
				CLANG_WARN_COMMA = YES;
				CLANG_WARN_CONSTANT_CONVERSION = YES;
				CLANG_WARN_DEPRECATED_OBJC_IMPLEMENTATIONS = YES;
				CLANG_WARN_DIRECT_OBJC_ISA_USAGE = YES_ERROR;
				CLANG_WARN_DOCUMENTATION_COMMENTS = YES;
				CLANG_WARN_EMPTY_BODY = YES;
				CLANG_WARN_ENUM_CONVERSION = YES;
				CLANG_WARN_INFINITE_RECURSION = YES;
				CLANG_WARN_INT_CONVERSION = YES;
				CLANG_WARN_NON_LITERAL_NULL_CONVERSION = YES;
				CLANG_WARN_OBJC_IMPLICIT_RETAIN_SELF = YES;
				CLANG_WARN_OBJC_LITERAL_CONVERSION = YES;
				CLANG_WARN_OBJC_ROOT_CLASS = YES_ERROR;
				CLANG_WARN_RANGE_LOOP_ANALYSIS = YES;
				CLANG_WARN_STRICT_PROTOTYPES = YES;
				CLANG_WARN_SUSPICIOUS_MOVE = YES;
				CLANG_WARN_UNGUARDED_AVAILABILITY = YES_AGGRESSIVE;
				CLANG_WARN_UNREACHABLE_CODE = YES;
				CLANG_WARN__DUPLICATE_METHOD_MATCH = YES;
				COPY_PHASE_STRIP = NO;
				DEBUG_INFORMATION_FORMAT = "dwarf-with-dsym";
				ENABLE_NS_ASSERTIONS = NO;
				ENABLE_STRICT_OBJC_MSGSEND = YES;
				GCC_C_LANGUAGE_STANDARD = gnu11;
				GCC_NO_COMMON_BLOCKS = YES;
				GCC_WARN_64_TO_32_BIT_CONVERSION = YES;
				GCC_WARN_ABOUT_RETURN_TYPE = YES_ERROR;
				GCC_WARN_UNDECLARED_SELECTOR = YES;
				GCC_WARN_UNINITIALIZED_AUTOS = YES_AGGRESSIVE;
				GCC_WARN_UNUSED_FUNCTION = YES;
				GCC_WARN_UNUSED_VARIABLE = YES;
				IPHONEOS_DEPLOYMENT_TARGET = 13.0;
				MTL_ENABLE_DEBUG_INFO = NO;
				MTL_FAST_MATH = YES;
				SDKROOT = iphoneos;
				SWIFT_COMPILATION_MODE = wholemodule;
				SWIFT_OPTIMIZATION_LEVEL = "-O";
				VALIDATE_PRODUCT = YES;
			};
			name = Release;
		};
		6ED9E06D252A60F60037974B /* Debug */ = {
			isa = XCBuildConfiguration;
			baseConfigurationReference = 4E8E2615C1BEAD23705BD040 /* Pods-MyWeather.debug.xcconfig */;
			buildSettings = {
				ASSETCATALOG_COMPILER_APPICON_NAME = AppIcon;
				CODE_SIGN_STYLE = Automatic;
				INFOPLIST_FILE = MyWeather/Resource/Info.plist;
				LD_RUNPATH_SEARCH_PATHS = (
					"$(inherited)",
					"@executable_path/Frameworks",
				);
				PRODUCT_BUNDLE_IDENTIFIER = com.haresh.MyWeather;
				PRODUCT_NAME = "$(TARGET_NAME)";
				SWIFT_VERSION = 4.2;
				TARGETED_DEVICE_FAMILY = 1;
			};
			name = Debug;
		};
		6ED9E06E252A60F60037974B /* Release */ = {
			isa = XCBuildConfiguration;
			baseConfigurationReference = AFEA25E88D7A02447B3D35B8 /* Pods-MyWeather.release.xcconfig */;
			buildSettings = {
				ASSETCATALOG_COMPILER_APPICON_NAME = AppIcon;
				CODE_SIGN_STYLE = Automatic;
				INFOPLIST_FILE = MyWeather/Resource/Info.plist;
				LD_RUNPATH_SEARCH_PATHS = (
					"$(inherited)",
					"@executable_path/Frameworks",
				);
				PRODUCT_BUNDLE_IDENTIFIER = com.haresh.MyWeather;
				PRODUCT_NAME = "$(TARGET_NAME)";
				SWIFT_VERSION = 4.2;
				TARGETED_DEVICE_FAMILY = 1;
			};
			name = Release;
		};
		6ED9E070252A60F60037974B /* Debug */ = {
			isa = XCBuildConfiguration;
			baseConfigurationReference = C373F932535E332F9320358C /* Pods-MyWeatherTests.debug.xcconfig */;
			buildSettings = {
				ALWAYS_EMBED_SWIFT_STANDARD_LIBRARIES = YES;
				BUNDLE_LOADER = "$(TEST_HOST)";
				CODE_SIGN_STYLE = Automatic;
				INFOPLIST_FILE = MyWeatherTests/Info.plist;
				IPHONEOS_DEPLOYMENT_TARGET = 13.6;
				LD_RUNPATH_SEARCH_PATHS = (
					"$(inherited)",
					"@executable_path/Frameworks",
					"@loader_path/Frameworks",
				);
				PRODUCT_BUNDLE_IDENTIFIER = com.haresh.MyWeatherTests;
				PRODUCT_NAME = "$(TARGET_NAME)";
				SWIFT_VERSION = 5.0;
				TARGETED_DEVICE_FAMILY = "1,2";
				TEST_HOST = "$(BUILT_PRODUCTS_DIR)/MyWeather.app/MyWeather";
			};
			name = Debug;
		};
		6ED9E071252A60F60037974B /* Release */ = {
			isa = XCBuildConfiguration;
			baseConfigurationReference = 00D64207B7109EFBEDD39C4D /* Pods-MyWeatherTests.release.xcconfig */;
			buildSettings = {
				ALWAYS_EMBED_SWIFT_STANDARD_LIBRARIES = YES;
				BUNDLE_LOADER = "$(TEST_HOST)";
				CODE_SIGN_STYLE = Automatic;
				INFOPLIST_FILE = MyWeatherTests/Info.plist;
				IPHONEOS_DEPLOYMENT_TARGET = 13.6;
				LD_RUNPATH_SEARCH_PATHS = (
					"$(inherited)",
					"@executable_path/Frameworks",
					"@loader_path/Frameworks",
				);
				PRODUCT_BUNDLE_IDENTIFIER = com.haresh.MyWeatherTests;
				PRODUCT_NAME = "$(TARGET_NAME)";
				SWIFT_VERSION = 5.0;
				TARGETED_DEVICE_FAMILY = "1,2";
				TEST_HOST = "$(BUILT_PRODUCTS_DIR)/MyWeather.app/MyWeather";
			};
			name = Release;
		};
/* End XCBuildConfiguration section */

/* Begin XCConfigurationList section */
		6ED9E048252A60F40037974B /* Build configuration list for PBXProject "MyWeather" */ = {
			isa = XCConfigurationList;
			buildConfigurations = (
				6ED9E06A252A60F60037974B /* Debug */,
				6ED9E06B252A60F60037974B /* Release */,
			);
			defaultConfigurationIsVisible = 0;
			defaultConfigurationName = Release;
		};
		6ED9E06C252A60F60037974B /* Build configuration list for PBXNativeTarget "MyWeather" */ = {
			isa = XCConfigurationList;
			buildConfigurations = (
				6ED9E06D252A60F60037974B /* Debug */,
				6ED9E06E252A60F60037974B /* Release */,
			);
			defaultConfigurationIsVisible = 0;
			defaultConfigurationName = Release;
		};
		6ED9E06F252A60F60037974B /* Build configuration list for PBXNativeTarget "MyWeatherTests" */ = {
			isa = XCConfigurationList;
			buildConfigurations = (
				6ED9E070252A60F60037974B /* Debug */,
				6ED9E071252A60F60037974B /* Release */,
			);
			defaultConfigurationIsVisible = 0;
			defaultConfigurationName = Release;
		};
/* End XCConfigurationList section */
	};
	rootObject = 6ED9E045252A60F40037974B /* Project object */;
}
